// !$*UTF8*$!
{
	archiveVersion = 1;
	classes = {
	};
	objectVersion = 50;
	objects = {

/* Begin PBXBuildFile section */
		C54B5E4A2609A9E800C74827 /* AppDelegate.swift in Sources */ = {isa = PBXBuildFile; fileRef = C54B5E492609A9E800C74827 /* AppDelegate.swift */; };
		C54B5E4C2609A9E800C74827 /* SceneDelegate.swift in Sources */ = {isa = PBXBuildFile; fileRef = C54B5E4B2609A9E800C74827 /* SceneDelegate.swift */; };
		C54B5E4E2609A9E800C74827 /* ViewController.swift in Sources */ = {isa = PBXBuildFile; fileRef = C54B5E4D2609A9E800C74827 /* ViewController.swift */; };
		C54B5E512609A9E800C74827 /* Main.storyboard in Resources */ = {isa = PBXBuildFile; fileRef = C54B5E4F2609A9E800C74827 /* Main.storyboard */; };
		C54B5E532609A9E900C74827 /* Assets.xcassets in Resources */ = {isa = PBXBuildFile; fileRef = C54B5E522609A9E900C74827 /* Assets.xcassets */; };
		C54B5E562609A9E900C74827 /* LaunchScreen.storyboard in Resources */ = {isa = PBXBuildFile; fileRef = C54B5E542609A9E900C74827 /* LaunchScreen.storyboard */; };
		C54B5E612609A9E900C74827 /* section18Tests.swift in Sources */ = {isa = PBXBuildFile; fileRef = C54B5E602609A9E900C74827 /* section18Tests.swift */; };
		C54B5E6C2609A9E900C74827 /* section18UITests.swift in Sources */ = {isa = PBXBuildFile; fileRef = C54B5E6B2609A9E900C74827 /* section18UITests.swift */; };
/* End PBXBuildFile section */

/* Begin PBXContainerItemProxy section */
		C54B5E5D2609A9E900C74827 /* PBXContainerItemProxy */ = {
			isa = PBXContainerItemProxy;
			containerPortal = C54B5E3E2609A9E800C74827 /* Project object */;
			proxyType = 1;
			remoteGlobalIDString = C54B5E452609A9E800C74827;
			remoteInfo = section18;
		};
		C54B5E682609A9E900C74827 /* PBXContainerItemProxy */ = {
			isa = PBXContainerItemProxy;
			containerPortal = C54B5E3E2609A9E800C74827 /* Project object */;
			proxyType = 1;
			remoteGlobalIDString = C54B5E452609A9E800C74827;
			remoteInfo = section18;
		};
/* End PBXContainerItemProxy section */

/* Begin PBXFileReference section */
		C54B5E462609A9E800C74827 /* section18.app */ = {isa = PBXFileReference; explicitFileType = wrapper.application; includeInIndex = 0; path = section18.app; sourceTree = BUILT_PRODUCTS_DIR; };
		C54B5E492609A9E800C74827 /* AppDelegate.swift */ = {isa = PBXFileReference; lastKnownFileType = sourcecode.swift; path = AppDelegate.swift; sourceTree = "<group>"; };
		C54B5E4B2609A9E800C74827 /* SceneDelegate.swift */ = {isa = PBXFileReference; lastKnownFileType = sourcecode.swift; path = SceneDelegate.swift; sourceTree = "<group>"; };
		C54B5E4D2609A9E800C74827 /* ViewController.swift */ = {isa = PBXFileReference; lastKnownFileType = sourcecode.swift; path = ViewController.swift; sourceTree = "<group>"; };
		C54B5E502609A9E800C74827 /* Base */ = {isa = PBXFileReference; lastKnownFileType = file.storyboard; name = Base; path = Base.lproj/Main.storyboard; sourceTree = "<group>"; };
		C54B5E522609A9E900C74827 /* Assets.xcassets */ = {isa = PBXFileReference; lastKnownFileType = folder.assetcatalog; path = Assets.xcassets; sourceTree = "<group>"; };
		C54B5E552609A9E900C74827 /* Base */ = {isa = PBXFileReference; lastKnownFileType = file.storyboard; name = Base; path = Base.lproj/LaunchScreen.storyboard; sourceTree = "<group>"; };
		C54B5E572609A9E900C74827 /* Info.plist */ = {isa = PBXFileReference; lastKnownFileType = text.plist.xml; path = Info.plist; sourceTree = "<group>"; };
		C54B5E5C2609A9E900C74827 /* section18Tests.xctest */ = {isa = PBXFileReference; explicitFileType = wrapper.cfbundle; includeInIndex = 0; path = section18Tests.xctest; sourceTree = BUILT_PRODUCTS_DIR; };
		C54B5E602609A9E900C74827 /* section18Tests.swift */ = {isa = PBXFileReference; lastKnownFileType = sourcecode.swift; path = section18Tests.swift; sourceTree = "<group>"; };
		C54B5E622609A9E900C74827 /* Info.plist */ = {isa = PBXFileReference; lastKnownFileType = text.plist.xml; path = Info.plist; sourceTree = "<group>"; };
		C54B5E672609A9E900C74827 /* section18UITests.xctest */ = {isa = PBXFileReference; explicitFileType = wrapper.cfbundle; includeInIndex = 0; path = section18UITests.xctest; sourceTree = BUILT_PRODUCTS_DIR; };
		C54B5E6B2609A9E900C74827 /* section18UITests.swift */ = {isa = PBXFileReference; lastKnownFileType = sourcecode.swift; path = section18UITests.swift; sourceTree = "<group>"; };
		C54B5E6D2609A9E900C74827 /* Info.plist */ = {isa = PBXFileReference; lastKnownFileType = text.plist.xml; path = Info.plist; sourceTree = "<group>"; };
/* End PBXFileReference section */

/* Begin PBXFrameworksBuildPhase section */
		C54B5E432609A9E800C74827 /* Frameworks */ = {
			isa = PBXFrameworksBuildPhase;
			buildActionMask = 2147483647;
			files = (
			);
			runOnlyForDeploymentPostprocessing = 0;
		};
		C54B5E592609A9E900C74827 /* Frameworks */ = {
			isa = PBXFrameworksBuildPhase;
			buildActionMask = 2147483647;
			files = (
			);
			runOnlyForDeploymentPostprocessing = 0;
		};
		C54B5E642609A9E900C74827 /* Frameworks */ = {
			isa = PBXFrameworksBuildPhase;
			buildActionMask = 2147483647;
			files = (
			);
			runOnlyForDeploymentPostprocessing = 0;
		};
/* End PBXFrameworksBuildPhase section */

/* Begin PBXGroup section */
		C54B5E3D2609A9E800C74827 = {
			isa = PBXGroup;
			children = (
				C54B5E482609A9E800C74827 /* section18 */,
				C54B5E5F2609A9E900C74827 /* section18Tests */,
				C54B5E6A2609A9E900C74827 /* section18UITests */,
				C54B5E472609A9E800C74827 /* Products */,
			);
			sourceTree = "<group>";
		};
		C54B5E472609A9E800C74827 /* Products */ = {
			isa = PBXGroup;
			children = (
				C54B5E462609A9E800C74827 /* section18.app */,
				C54B5E5C2609A9E900C74827 /* section18Tests.xctest */,
				C54B5E672609A9E900C74827 /* section18UITests.xctest */,
			);
			name = Products;
			sourceTree = "<group>";
		};
		C54B5E482609A9E800C74827 /* section18 */ = {
			isa = PBXGroup;
			children = (
				C54B5E492609A9E800C74827 /* AppDelegate.swift */,
				C54B5E4B2609A9E800C74827 /* SceneDelegate.swift */,
				C54B5E4D2609A9E800C74827 /* ViewController.swift */,
				C54B5E4F2609A9E800C74827 /* Main.storyboard */,
				C54B5E522609A9E900C74827 /* Assets.xcassets */,
				C54B5E542609A9E900C74827 /* LaunchScreen.storyboard */,
				C54B5E572609A9E900C74827 /* Info.plist */,
			);
			path = section18;
			sourceTree = "<group>";
		};
		C54B5E5F2609A9E900C74827 /* section18Tests */ = {
			isa = PBXGroup;
			children = (
				C54B5E602609A9E900C74827 /* section18Tests.swift */,
				C54B5E622609A9E900C74827 /* Info.plist */,
			);
			path = section18Tests;
			sourceTree = "<group>";
		};
		C54B5E6A2609A9E900C74827 /* section18UITests */ = {
			isa = PBXGroup;
			children = (
				C54B5E6B2609A9E900C74827 /* section18UITests.swift */,
				C54B5E6D2609A9E900C74827 /* Info.plist */,
			);
			path = section18UITests;
			sourceTree = "<group>";
		};
/* End PBXGroup section */

/* Begin PBXNativeTarget section */
		C54B5E452609A9E800C74827 /* section18 */ = {
			isa = PBXNativeTarget;
			buildConfigurationList = C54B5E702609A9E900C74827 /* Build configuration list for PBXNativeTarget "section18" */;
			buildPhases = (
				C54B5E422609A9E800C74827 /* Sources */,
				C54B5E432609A9E800C74827 /* Frameworks */,
				C54B5E442609A9E800C74827 /* Resources */,
			);
			buildRules = (
			);
			dependencies = (
			);
			name = section18;
			productName = section18;
			productReference = C54B5E462609A9E800C74827 /* section18.app */;
			productType = "com.apple.product-type.application";
		};
		C54B5E5B2609A9E900C74827 /* section18Tests */ = {
			isa = PBXNativeTarget;
			buildConfigurationList = C54B5E732609A9E900C74827 /* Build configuration list for PBXNativeTarget "section18Tests" */;
			buildPhases = (
				C54B5E582609A9E900C74827 /* Sources */,
				C54B5E592609A9E900C74827 /* Frameworks */,
				C54B5E5A2609A9E900C74827 /* Resources */,
			);
			buildRules = (
			);
			dependencies = (
				C54B5E5E2609A9E900C74827 /* PBXTargetDependency */,
			);
			name = section18Tests;
			productName = section18Tests;
			productReference = C54B5E5C2609A9E900C74827 /* section18Tests.xctest */;
			productType = "com.apple.product-type.bundle.unit-test";
		};
		C54B5E662609A9E900C74827 /* section18UITests */ = {
			isa = PBXNativeTarget;
			buildConfigurationList = C54B5E762609A9E900C74827 /* Build configuration list for PBXNativeTarget "section18UITests" */;
			buildPhases = (
				C54B5E632609A9E900C74827 /* Sources */,
				C54B5E642609A9E900C74827 /* Frameworks */,
				C54B5E652609A9E900C74827 /* Resources */,
			);
			buildRules = (
			);
			dependencies = (
				C54B5E692609A9E900C74827 /* PBXTargetDependency */,
			);
			name = section18UITests;
			productName = section18UITests;
			productReference = C54B5E672609A9E900C74827 /* section18UITests.xctest */;
			productType = "com.apple.product-type.bundle.ui-testing";
		};
/* End PBXNativeTarget section */

/* Begin PBXProject section */
		C54B5E3E2609A9E800C74827 /* Project object */ = {
			isa = PBXProject;
			attributes = {
				LastSwiftUpdateCheck = 1240;
				LastUpgradeCheck = 1240;
				TargetAttributes = {
					C54B5E452609A9E800C74827 = {
						CreatedOnToolsVersion = 12.4;
					};
					C54B5E5B2609A9E900C74827 = {
						CreatedOnToolsVersion = 12.4;
						TestTargetID = C54B5E452609A9E800C74827;
					};
					C54B5E662609A9E900C74827 = {
						CreatedOnToolsVersion = 12.4;
						TestTargetID = C54B5E452609A9E800C74827;
					};
				};
			};
			buildConfigurationList = C54B5E412609A9E800C74827 /* Build configuration list for PBXProject "section18" */;
			compatibilityVersion = "Xcode 9.3";
			developmentRegion = en;
			hasScannedForEncodings = 0;
			knownRegions = (
				en,
				Base,
			);
			mainGroup = C54B5E3D2609A9E800C74827;
			productRefGroup = C54B5E472609A9E800C74827 /* Products */;
			projectDirPath = "";
			projectRoot = "";
			targets = (
				C54B5E452609A9E800C74827 /* section18 */,
				C54B5E5B2609A9E900C74827 /* section18Tests */,
				C54B5E662609A9E900C74827 /* section18UITests */,
			);
		};
/* End PBXProject section */

/* Begin PBXResourcesBuildPhase section */
		C54B5E442609A9E800C74827 /* Resources */ = {
			isa = PBXResourcesBuildPhase;
			buildActionMask = 2147483647;
			files = (
				C54B5E562609A9E900C74827 /* LaunchScreen.storyboard in Resources */,
				C54B5E532609A9E900C74827 /* Assets.xcassets in Resources */,
				C54B5E512609A9E800C74827 /* Main.storyboard in Resources */,
			);
			runOnlyForDeploymentPostprocessing = 0;
		};
		C54B5E5A2609A9E900C74827 /* Resources */ = {
			isa = PBXResourcesBuildPhase;
			buildActionMask = 2147483647;
			files = (
			);
			runOnlyForDeploymentPostprocessing = 0;
		};
		C54B5E652609A9E900C74827 /* Resources */ = {
			isa = PBXResourcesBuildPhase;
			buildActionMask = 2147483647;
			files = (
			);
			runOnlyForDeploymentPostprocessing = 0;
		};
/* End PBXResourcesBuildPhase section */

/* Begin PBXSourcesBuildPhase section */
		C54B5E422609A9E800C74827 /* Sources */ = {
			isa = PBXSourcesBuildPhase;
			buildActionMask = 2147483647;
			files = (
				C54B5E4E2609A9E800C74827 /* ViewController.swift in Sources */,
				C54B5E4A2609A9E800C74827 /* AppDelegate.swift in Sources */,
				C54B5E4C2609A9E800C74827 /* SceneDelegate.swift in Sources */,
			);
			runOnlyForDeploymentPostprocessing = 0;
		};
		C54B5E582609A9E900C74827 /* Sources */ = {
			isa = PBXSourcesBuildPhase;
			buildActionMask = 2147483647;
			files = (
				C54B5E612609A9E900C74827 /* section18Tests.swift in Sources */,
			);
			runOnlyForDeploymentPostprocessing = 0;
		};
		C54B5E632609A9E900C74827 /* Sources */ = {
			isa = PBXSourcesBuildPhase;
			buildActionMask = 2147483647;
			files = (
				C54B5E6C2609A9E900C74827 /* section18UITests.swift in Sources */,
			);
			runOnlyForDeploymentPostprocessing = 0;
		};
/* End PBXSourcesBuildPhase section */

/* Begin PBXTargetDependency section */
		C54B5E5E2609A9E900C74827 /* PBXTargetDependency */ = {
			isa = PBXTargetDependency;
			target = C54B5E452609A9E800C74827 /* section18 */;
			targetProxy = C54B5E5D2609A9E900C74827 /* PBXContainerItemProxy */;
		};
		C54B5E692609A9E900C74827 /* PBXTargetDependency */ = {
			isa = PBXTargetDependency;
			target = C54B5E452609A9E800C74827 /* section18 */;
			targetProxy = C54B5E682609A9E900C74827 /* PBXContainerItemProxy */;
		};
/* End PBXTargetDependency section */

/* Begin PBXVariantGroup section */
		C54B5E4F2609A9E800C74827 /* Main.storyboard */ = {
			isa = PBXVariantGroup;
			children = (
				C54B5E502609A9E800C74827 /* Base */,
			);
			name = Main.storyboard;
			sourceTree = "<group>";
		};
		C54B5E542609A9E900C74827 /* LaunchScreen.storyboard */ = {
			isa = PBXVariantGroup;
			children = (
				C54B5E552609A9E900C74827 /* Base */,
			);
			name = LaunchScreen.storyboard;
			sourceTree = "<group>";
		};
/* End PBXVariantGroup section */

/* Begin XCBuildConfiguration section */
		C54B5E6E2609A9E900C74827 /* Debug */ = {
			isa = XCBuildConfiguration;
			buildSettings = {
				ALWAYS_SEARCH_USER_PATHS = NO;
				CLANG_ANALYZER_NONNULL = YES;
				CLANG_ANALYZER_NUMBER_OBJECT_CONVERSION = YES_AGGRESSIVE;
				CLANG_CXX_LANGUAGE_STANDARD = "gnu++14";
				CLANG_CXX_LIBRARY = "libc++";
				CLANG_ENABLE_MODULES = YES;
				CLANG_ENABLE_OBJC_ARC = YES;
				CLANG_ENABLE_OBJC_WEAK = YES;
				CLANG_WARN_BLOCK_CAPTURE_AUTORELEASING = YES;
				CLANG_WARN_BOOL_CONVERSION = YES;
				CLANG_WARN_COMMA = YES;
				CLANG_WARN_CONSTANT_CONVERSION = YES;
				CLANG_WARN_DEPRECATED_OBJC_IMPLEMENTATIONS = YES;
				CLANG_WARN_DIRECT_OBJC_ISA_USAGE = YES_ERROR;
				CLANG_WARN_DOCUMENTATION_COMMENTS = YES;
				CLANG_WARN_EMPTY_BODY = YES;
				CLANG_WARN_ENUM_CONVERSION = YES;
				CLANG_WARN_INFINITE_RECURSION = YES;
				CLANG_WARN_INT_CONVERSION = YES;
				CLANG_WARN_NON_LITERAL_NULL_CONVERSION = YES;
				CLANG_WARN_OBJC_IMPLICIT_RETAIN_SELF = YES;
				CLANG_WARN_OBJC_LITERAL_CONVERSION = YES;
				CLANG_WARN_OBJC_ROOT_CLASS = YES_ERROR;
				CLANG_WARN_QUOTED_INCLUDE_IN_FRAMEWORK_HEADER = YES;
				CLANG_WARN_RANGE_LOOP_ANALYSIS = YES;
				CLANG_WARN_STRICT_PROTOTYPES = YES;
				CLANG_WARN_SUSPICIOUS_MOVE = YES;
				CLANG_WARN_UNGUARDED_AVAILABILITY = YES_AGGRESSIVE;
				CLANG_WARN_UNREACHABLE_CODE = YES;
				CLANG_WARN__DUPLICATE_METHOD_MATCH = YES;
				COPY_PHASE_STRIP = NO;
				DEBUG_INFORMATION_FORMAT = dwarf;
				ENABLE_STRICT_OBJC_MSGSEND = YES;
				ENABLE_TESTABILITY = YES;
				GCC_C_LANGUAGE_STANDARD = gnu11;
				GCC_DYNAMIC_NO_PIC = NO;
				GCC_NO_COMMON_BLOCKS = YES;
				GCC_OPTIMIZATION_LEVEL = 0;
				GCC_PREPROCESSOR_DEFINITIONS = (
					"DEBUG=1",
					"$(inherited)",
				);
				GCC_WARN_64_TO_32_BIT_CONVERSION = YES;
				GCC_WARN_ABOUT_RETURN_TYPE = YES_ERROR;
				GCC_WARN_UNDECLARED_SELECTOR = YES;
				GCC_WARN_UNINITIALIZED_AUTOS = YES_AGGRESSIVE;
				GCC_WARN_UNUSED_FUNCTION = YES;
				GCC_WARN_UNUSED_VARIABLE = YES;
				IPHONEOS_DEPLOYMENT_TARGET = 14.4;
				MTL_ENABLE_DEBUG_INFO = INCLUDE_SOURCE;
				MTL_FAST_MATH = YES;
				ONLY_ACTIVE_ARCH = YES;
				SDKROOT = iphoneos;
				SWIFT_ACTIVE_COMPILATION_CONDITIONS = DEBUG;
				SWIFT_OPTIMIZATION_LEVEL = "-Onone";
			};
			name = Debug;
		};
		C54B5E6F2609A9E900C74827 /* Release */ = {
			isa = XCBuildConfiguration;
			buildSettings = {
				ALWAYS_SEARCH_USER_PATHS = NO;
				CLANG_ANALYZER_NONNULL = YES;
				CLANG_ANALYZER_NUMBER_OBJECT_CONVERSION = YES_AGGRESSIVE;
				CLANG_CXX_LANGUAGE_STANDARD = "gnu++14";
				CLANG_CXX_LIBRARY = "libc++";
				CLANG_ENABLE_MODULES = YES;
				CLANG_ENABLE_OBJC_ARC = YES;
				CLANG_ENABLE_OBJC_WEAK = YES;
				CLANG_WARN_BLOCK_CAPTURE_AUTORELEASING = YES;
				CLANG_WARN_BOOL_CONVERSION = YES;
				CLANG_WARN_COMMA = YES;
				CLANG_WARN_CONSTANT_CONVERSION = YES;
				CLANG_WARN_DEPRECATED_OBJC_IMPLEMENTATIONS = YES;
				CLANG_WARN_DIRECT_OBJC_ISA_USAGE = YES_ERROR;
				CLANG_WARN_DOCUMENTATION_COMMENTS = YES;
				CLANG_WARN_EMPTY_BODY = YES;
				CLANG_WARN_ENUM_CONVERSION = YES;
				CLANG_WARN_INFINITE_RECURSION = YES;
				CLANG_WARN_INT_CONVERSION = YES;
				CLANG_WARN_NON_LITERAL_NULL_CONVERSION = YES;
				CLANG_WARN_OBJC_IMPLICIT_RETAIN_SELF = YES;
				CLANG_WARN_OBJC_LITERAL_CONVERSION = YES;
				CLANG_WARN_OBJC_ROOT_CLASS = YES_ERROR;
				CLANG_WARN_QUOTED_INCLUDE_IN_FRAMEWORK_HEADER = YES;
				CLANG_WARN_RANGE_LOOP_ANALYSIS = YES;
				CLANG_WARN_STRICT_PROTOTYPES = YES;
				CLANG_WARN_SUSPICIOUS_MOVE = YES;
				CLANG_WARN_UNGUARDED_AVAILABILITY = YES_AGGRESSIVE;
				CLANG_WARN_UNREACHABLE_CODE = YES;
				CLANG_WARN__DUPLICATE_METHOD_MATCH = YES;
				COPY_PHASE_STRIP = NO;
				DEBUG_INFORMATION_FORMAT = "dwarf-with-dsym";
				ENABLE_NS_ASSERTIONS = NO;
				ENABLE_STRICT_OBJC_MSGSEND = YES;
				GCC_C_LANGUAGE_STANDARD = gnu11;
				GCC_NO_COMMON_BLOCKS = YES;
				GCC_WARN_64_TO_32_BIT_CONVERSION = YES;
				GCC_WARN_ABOUT_RETURN_TYPE = YES_ERROR;
				GCC_WARN_UNDECLARED_SELECTOR = YES;
				GCC_WARN_UNINITIALIZED_AUTOS = YES_AGGRESSIVE;
				GCC_WARN_UNUSED_FUNCTION = YES;
				GCC_WARN_UNUSED_VARIABLE = YES;
				IPHONEOS_DEPLOYMENT_TARGET = 14.4;
				MTL_ENABLE_DEBUG_INFO = NO;
				MTL_FAST_MATH = YES;
				SDKROOT = iphoneos;
				SWIFT_COMPILATION_MODE = wholemodule;
				SWIFT_OPTIMIZATION_LEVEL = "-O";
				VALIDATE_PRODUCT = YES;
			};
			name = Release;
		};
		C54B5E712609A9E900C74827 /* Debug */ = {
			isa = XCBuildConfiguration;
			buildSettings = {
				ASSETCATALOG_COMPILER_APPICON_NAME = AppIcon;
				ASSETCATALOG_COMPILER_GLOBAL_ACCENT_COLOR_NAME = AccentColor;
				CODE_SIGN_STYLE = Automatic;
				DEVELOPMENT_TEAM = 737XJB84YA;
				INFOPLIST_FILE = section18/Info.plist;
				LD_RUNPATH_SEARCH_PATHS = (
					"$(inherited)",
					"@executable_path/Frameworks",
				);
				PRODUCT_BUNDLE_IDENTIFIER = com.fuchi.section18;
				PRODUCT_NAME = "$(TARGET_NAME)";
				SWIFT_VERSION = 5.0;
				TARGETED_DEVICE_FAMILY = "1,2";
			};
			name = Debug;
		};
		C54B5E722609A9E900C74827 /* Release */ = {
			isa = XCBuildConfiguration;
			buildSettings = {
				ASSETCATALOG_COMPILER_APPICON_NAME = AppIcon;
				ASSETCATALOG_COMPILER_GLOBAL_ACCENT_COLOR_NAME = AccentColor;
				CODE_SIGN_STYLE = Automatic;
				DEVELOPMENT_TEAM = 737XJB84YA;
				INFOPLIST_FILE = section18/Info.plist;
				LD_RUNPATH_SEARCH_PATHS = (
					"$(inherited)",
					"@executable_path/Frameworks",
				);
				PRODUCT_BUNDLE_IDENTIFIER = com.fuchi.section18;
				PRODUCT_NAME = "$(TARGET_NAME)";
				SWIFT_VERSION = 5.0;
				TARGETED_DEVICE_FAMILY = "1,2";
			};
			name = Release;
		};
		C54B5E742609A9E900C74827 /* Debug */ = {
			isa = XCBuildConfiguration;
			buildSettings = {
				ALWAYS_EMBED_SWIFT_STANDARD_LIBRARIES = YES;
				BUNDLE_LOADER = "$(TEST_HOST)";
				CODE_SIGN_STYLE = Automatic;
				DEVELOPMENT_TEAM = 737XJB84YA;
				INFOPLIST_FILE = section18Tests/Info.plist;
				IPHONEOS_DEPLOYMENT_TARGET = 14.4;
				LD_RUNPATH_SEARCH_PATHS = (
					"$(inherited)",
					"@executable_path/Frameworks",
					"@loader_path/Frameworks",
				);
				PRODUCT_BUNDLE_IDENTIFIER = com.fuchi.section18Tests;
				PRODUCT_NAME = "$(TARGET_NAME)";
				SWIFT_VERSION = 5.0;
				TARGETED_DEVICE_FAMILY = "1,2";
				TEST_HOST = "$(BUILT_PRODUCTS_DIR)/section18.app/section18";
			};
			name = Debug;
		};
		C54B5E752609A9E900C74827 /* Release */ = {
			isa = XCBuildConfiguration;
			buildSettings = {
				ALWAYS_EMBED_SWIFT_STANDARD_LIBRARIES = YES;
				BUNDLE_LOADER = "$(TEST_HOST)";
				CODE_SIGN_STYLE = Automatic;
				DEVELOPMENT_TEAM = 737XJB84YA;
				INFOPLIST_FILE = section18Tests/Info.plist;
				IPHONEOS_DEPLOYMENT_TARGET = 14.4;
				LD_RUNPATH_SEARCH_PATHS = (
					"$(inherited)",
					"@executable_path/Frameworks",
					"@loader_path/Frameworks",
				);
				PRODUCT_BUNDLE_IDENTIFIER = com.fuchi.section18Tests;
				PRODUCT_NAME = "$(TARGET_NAME)";
				SWIFT_VERSION = 5.0;
				TARGETED_DEVICE_FAMILY = "1,2";
				TEST_HOST = "$(BUILT_PRODUCTS_DIR)/section18.app/section18";
			};
			name = Release;
		};
		C54B5E772609A9E900C74827 /* Debug */ = {
			isa = XCBuildConfiguration;
			buildSettings = {
				ALWAYS_EMBED_SWIFT_STANDARD_LIBRARIES = YES;
				CODE_SIGN_STYLE = Automatic;
				DEVELOPMENT_TEAM = 737XJB84YA;
				INFOPLIST_FILE = section18UITests/Info.plist;
				LD_RUNPATH_SEARCH_PATHS = (
					"$(inherited)",
					"@executable_path/Frameworks",
					"@loader_path/Frameworks",
				);
				PRODUCT_BUNDLE_IDENTIFIER = com.fuchi.section18UITests;
				PRODUCT_NAME = "$(TARGET_NAME)";
				SWIFT_VERSION = 5.0;
				TARGETED_DEVICE_FAMILY = "1,2";
				TEST_TARGET_NAME = section18;
			};
			name = Debug;
		};
		C54B5E782609A9E900C74827 /* Release */ = {
			isa = XCBuildConfiguration;
			buildSettings = {
				ALWAYS_EMBED_SWIFT_STANDARD_LIBRARIES = YES;
				CODE_SIGN_STYLE = Automatic;
				DEVELOPMENT_TEAM = 737XJB84YA;
				INFOPLIST_FILE = section18UITests/Info.plist;
				LD_RUNPATH_SEARCH_PATHS = (
					"$(inherited)",
					"@executable_path/Frameworks",
					"@loader_path/Frameworks",
				);
				PRODUCT_BUNDLE_IDENTIFIER = com.fuchi.section18UITests;
				PRODUCT_NAME = "$(TARGET_NAME)";
				SWIFT_VERSION = 5.0;
				TARGETED_DEVICE_FAMILY = "1,2";
				TEST_TARGET_NAME = section18;
			};
			name = Release;
		};
/* End XCBuildConfiguration section */

/* Begin XCConfigurationList section */
		C54B5E412609A9E800C74827 /* Build configuration list for PBXProject "section18" */ = {
			isa = XCConfigurationList;
			buildConfigurations = (
				C54B5E6E2609A9E900C74827 /* Debug */,
				C54B5E6F2609A9E900C74827 /* Release */,
			);
			defaultConfigurationIsVisible = 0;
			defaultConfigurationName = Release;
		};
		C54B5E702609A9E900C74827 /* Build configuration list for PBXNativeTarget "section18" */ = {
			isa = XCConfigurationList;
			buildConfigurations = (
				C54B5E712609A9E900C74827 /* Debug */,
				C54B5E722609A9E900C74827 /* Release */,
			);
			defaultConfigurationIsVisible = 0;
			defaultConfigurationName = Release;
		};
		C54B5E732609A9E900C74827 /* Build configuration list for PBXNativeTarget "section18Tests" */ = {
			isa = XCConfigurationList;
			buildConfigurations = (
				C54B5E742609A9E900C74827 /* Debug */,
				C54B5E752609A9E900C74827 /* Release */,
			);
			defaultConfigurationIsVisible = 0;
			defaultConfigurationName = Release;
		};
		C54B5E762609A9E900C74827 /* Build configuration list for PBXNativeTarget "section18UITests" */ = {
			isa = XCConfigurationList;
			buildConfigurations = (
				C54B5E772609A9E900C74827 /* Debug */,
				C54B5E782609A9E900C74827 /* Release */,
			);
			defaultConfigurationIsVisible = 0;
			defaultConfigurationName = Release;
		};
/* End XCConfigurationList section */
	};
	rootObject = C54B5E3E2609A9E800C74827 /* Project object */;
}
